// !$*UTF8*$!
{
	archiveVersion = 1;
	classes = {
	};
	objectVersion = 46;
	objects = {

/* Begin PBXBuildFile section */
		7DB696361BD3C54600BDE8B3 /* main.cpp in Sources */ = {isa = PBXBuildFile; fileRef = 7DB696351BD3C54600BDE8B3 /* main.cpp */; };
/* End PBXBuildFile section */

/* Begin PBXCopyFilesBuildPhase section */
		7DB696301BD3C54600BDE8B3 /* CopyFiles */ = {
			isa = PBXCopyFilesBuildPhase;
			buildActionMask = 2147483647;
			dstPath = /usr/share/man/man1/;
			dstSubfolderSpec = 0;
			files = (
			);
			runOnlyForDeploymentPostprocessing = 1;
		};
/* End PBXCopyFilesBuildPhase section */

/* Begin PBXFileReference section */
		7DB696321BD3C54600BDE8B3 /* Redundancy Dectector */ = {isa = PBXFileReference; explicitFileType = "compiled.mach-o.executable"; includeInIndex = 0; path = "Redundancy Dectector"; sourceTree = BUILT_PRODUCTS_DIR; };
		7DB696351BD3C54600BDE8B3 /* main.cpp */ = {isa = PBXFileReference; lastKnownFileType = sourcecode.cpp.cpp; path = main.cpp; sourceTree = "<group>"; };
/* End PBXFileReference section */

/* Begin PBXFrameworksBuildPhase section */
		7DB6962F1BD3C54600BDE8B3 /* Frameworks */ = {
			isa = PBXFrameworksBuildPhase;
			buildActionMask = 2147483647;
			files = (
			);
			runOnlyForDeploymentPostprocessing = 0;
		};
/* End PBXFrameworksBuildPhase section */

/* Begin PBXGroup section */
		7DB696291BD3C54600BDE8B3 = {
			isa = PBXGroup;
			children = (
				7DB696341BD3C54600BDE8B3 /* Redundancy Dectector */,
				7DB696331BD3C54600BDE8B3 /* Products */,
			);
			sourceTree = "<group>";
		};
		7DB696331BD3C54600BDE8B3 /* Products */ = {
			isa = PBXGroup;
			children = (
				7DB696321BD3C54600BDE8B3 /* Redundancy Dectector */,
			);
			name = Products;
			sourceTree = "<group>";
		};
		7DB696341BD3C54600BDE8B3 /* Redundancy Dectector */ = {
			isa = PBXGroup;
			children = (
				7DB696351BD3C54600BDE8B3 /* main.cpp */,
			);
			path = "Redundancy Dectector";
			sourceTree = "<group>";
		};
/* End PBXGroup section */

/* Begin PBXNativeTarget section */
		7DB696311BD3C54600BDE8B3 /* Redundancy Dectector */ = {
			isa = PBXNativeTarget;
			buildConfigurationList = 7DB696391BD3C54600BDE8B3 /* Build configuration list for PBXNativeTarget "Redundancy Dectector" */;
			buildPhases = (
				7DB6962E1BD3C54600BDE8B3 /* Sources */,
				7DB6962F1BD3C54600BDE8B3 /* Frameworks */,
				7DB696301BD3C54600BDE8B3 /* CopyFiles */,
			);
			buildRules = (
			);
			dependencies = (
			);
			name = "Redundancy Dectector";
			productName = "Redundancy Dectector";
			productReference = 7DB696321BD3C54600BDE8B3 /* Redundancy Dectector */;
			productType = "com.apple.product-type.tool";
		};
/* End PBXNativeTarget section */

/* Begin PBXProject section */
		7DB6962A1BD3C54600BDE8B3 /* Project object */ = {
			isa = PBXProject;
			attributes = {
				LastUpgradeCheck = 0700;
				ORGANIZATIONNAME = Mashmir;
				TargetAttributes = {
					7DB696311BD3C54600BDE8B3 = {
						CreatedOnToolsVersion = 7.0.1;
					};
				};
			};
			buildConfigurationList = 7DB6962D1BD3C54600BDE8B3 /* Build configuration list for PBXProject "Redundancy Dectector" */;
			compatibilityVersion = "Xcode 3.2";
			developmentRegion = English;
			hasScannedForEncodings = 0;
			knownRegions = (
				en,
			);
			mainGroup = 7DB696291BD3C54600BDE8B3;
			productRefGroup = 7DB696331BD3C54600BDE8B3 /* Products */;
			projectDirPath = "";
			projectRoot = "";
			targets = (
				7DB696311BD3C54600BDE8B3 /* Redundancy Dectector */,
			);
		};
/* End PBXProject section */

/* Begin PBXSourcesBuildPhase section */
		7DB6962E1BD3C54600BDE8B3 /* Sources */ = {
			isa = PBXSourcesBuildPhase;
			buildActionMask = 2147483647;
			files = (
				7DB696361BD3C54600BDE8B3 /* main.cpp in Sources */,
			);
			runOnlyForDeploymentPostprocessing = 0;
		};
/* End PBXSourcesBuildPhase section */

/* Begin XCBuildConfiguration section */
		7DB696371BD3C54600BDE8B3 /* Debug */ = {
			isa = XCBuildConfiguration;
			buildSettings = {
				ALWAYS_SEARCH_USER_PATHS = NO;
				CLANG_CXX_LANGUAGE_STANDARD = "gnu++0x";
				CLANG_CXX_LIBRARY = "libc++";
				CLANG_ENABLE_MODULES = YES;
				CLANG_ENABLE_OBJC_ARC = YES;
				CLANG_WARN_BOOL_CONVERSION = YES;
				CLANG_WARN_CONSTANT_CONVERSION = YES;
				CLANG_WARN_DIRECT_OBJC_ISA_USAGE = YES_ERROR;
				CLANG_WARN_EMPTY_BODY = YES;
				CLANG_WARN_ENUM_CONVERSION = YES;
				CLANG_WARN_INT_CONVERSION = YES;
				CLANG_WARN_OBJC_ROOT_CLASS = YES_ERROR;
				CLANG_WARN_UNREACHABLE_CODE = YES;
				CLANG_WARN__DUPLICATE_METHOD_MATCH = YES;
				COPY_PHASE_STRIP = NO;
				DEBUG_INFORMATION_FORMAT = dwarf;
				ENABLE_STRICT_OBJC_MSGSEND = YES;
				ENABLE_TESTABILITY = YES;
				GCC_C_LANGUAGE_STANDARD = gnu99;
				GCC_DYNAMIC_NO_PIC = NO;
				GCC_NO_COMMON_BLOCKS = YES;
				GCC_OPTIMIZATION_LEVEL = 0;
				GCC_PREPROCESSOR_DEFINITIONS = (
					"DEBUG=1",
					"$(inherited)",
				);
				GCC_WARN_64_TO_32_BIT_CONVERSION = YES;
				GCC_WARN_ABOUT_RETURN_TYPE = YES_ERROR;
				GCC_WARN_UNDECLARED_SELECTOR = YES;
				GCC_WARN_UNINITIALIZED_AUTOS = YES_AGGRESSIVE;
				GCC_WARN_UNUSED_FUNCTION = YES;
				GCC_WARN_UNUSED_VARIABLE = YES;
				MACOSX_DEPLOYMENT_TARGET = 10.11;
				MTL_ENABLE_DEBUG_INFO = YES;
				ONLY_ACTIVE_ARCH = YES;
				SDKROOT = macosx;
			};
			name = Debug;
		};
		7DB696381BD3C54600BDE8B3 /* Release */ = {
			isa = XCBuildConfiguration;
			buildSettings = {
				ALWAYS_SEARCH_USER_PATHS = NO;
				CLANG_CXX_LANGUAGE_STANDARD = "gnu++0x";
				CLANG_CXX_LIBRARY = "libc++";
				CLANG_ENABLE_MODULES = YES;
				CLANG_ENABLE_OBJC_ARC = YES;
				CLANG_WARN_BOOL_CONVERSION = YES;
				CLANG_WARN_CONSTANT_CONVERSION = YES;
				CLANG_WARN_DIRECT_OBJC_ISA_USAGE = YES_ERROR;
				CLANG_WARN_EMPTY_BODY = YES;
				CLANG_WARN_ENUM_CONVERSION = YES;
				CLANG_WARN_INT_CONVERSION = YES;
				CLANG_WARN_OBJC_ROOT_CLASS = YES_ERROR;
				CLANG_WARN_UNREACHABLE_CODE = YES;
				CLANG_WARN__DUPLICATE_METHOD_MATCH = YES;
				COPY_PHASE_STRIP = NO;
				DEBUG_INFORMATION_FORMAT = "dwarf-with-dsym";
				ENABLE_NS_ASSERTIONS = NO;
				ENABLE_STRICT_OBJC_MSGSEND = YES;
				GCC_C_LANGUAGE_STANDARD = gnu99;
				GCC_NO_COMMON_BLOCKS = YES;
				GCC_WARN_64_TO_32_BIT_CONVERSION = YES;
				GCC_WARN_ABOUT_RETURN_TYPE = YES_ERROR;
				GCC_WARN_UNDECLARED_SELECTOR = YES;
				GCC_WARN_UNINITIALIZED_AUTOS = YES_AGGRESSIVE;
				GCC_WARN_UNUSED_FUNCTION = YES;
				GCC_WARN_UNUSED_VARIABLE = YES;
				MACOSX_DEPLOYMENT_TARGET = 10.11;
				MTL_ENABLE_DEBUG_INFO = NO;
				SDKROOT = macosx;
			};
			name = Release;
		};
		7DB6963A1BD3C54600BDE8B3 /* Debug */ = {
			isa = XCBuildConfiguration;
			buildSettings = {
				PRODUCT_NAME = "$(TARGET_NAME)";
			};
			name = Debug;
		};
		7DB6963B1BD3C54600BDE8B3 /* Release */ = {
			isa = XCBuildConfiguration;
			buildSettings = {
				PRODUCT_NAME = "$(TARGET_NAME)";
			};
			name = Release;
		};
/* End XCBuildConfiguration section */

/* Begin XCConfigurationList section */
		7DB6962D1BD3C54600BDE8B3 /* Build configuration list for PBXProject "Redundancy Dectector" */ = {
			isa = XCConfigurationList;
			buildConfigurations = (
				7DB696371BD3C54600BDE8B3 /* Debug */,
				7DB696381BD3C54600BDE8B3 /* Release */,
			);
			defaultConfigurationIsVisible = 0;
			defaultConfigurationName = Release;
		};
		7DB696391BD3C54600BDE8B3 /* Build configuration list for PBXNativeTarget "Redundancy Dectector" */ = {
			isa = XCConfigurationList;
			buildConfigurations = (
				7DB6963A1BD3C54600BDE8B3 /* Debug */,
				7DB6963B1BD3C54600BDE8B3 /* Release */,
			);
			defaultConfigurationIsVisible = 0;
			defaultConfigurationName = Release;
		};
/* End XCConfigurationList section */
	};
	rootObject = 7DB6962A1BD3C54600BDE8B3 /* Project object */;
}
